
Microsoft Visual Studio Solution File, Format Version 12.00
# Visual Studio Version 17
VisualStudioVersion = 17.1.32414.318
MinimumVisualStudioVersion = 10.0.40219.1
Project("{9A19103F-16F7-4668-BE54-9A1E7A4F7556}") = "TelerikDemo", "TelerikDemo\TelerikDemo.csproj", "{D26959E7-0500-4CFC-97DA-0C14C1C14735}"
EndProject
Project("{9A19103F-16F7-4668-BE54-9A1E7A4F7556}") = "CommonLib", "CommonLib\CommonLib.csproj", "{03DF3E97-A9F0-4353-836B-4E6458A913C7}"
EndProject
Project("{FAE04EC0-301F-11D3-BF4B-00C04F79EFBC}") = "SyncfusionDemo", "SyncfusionDemo\SyncfusionDemo.csproj", "{653F695D-BEDD-4E78-9F1B-BBE351DB2BEE}"
EndProject
Global
	GlobalSection(SolutionConfigurationPlatforms) = preSolution
		Debug|Any CPU = Debug|Any CPU
		Release|Any CPU = Release|Any CPU
	EndGlobalSection
	GlobalSection(ProjectConfigurationPlatforms) = postSolution
		{D26959E7-0500-4CFC-97DA-0C14C1C14735}.Debug|Any CPU.ActiveCfg = Debug|Any CPU
		{D26959E7-0500-4CFC-97DA-0C14C1C14735}.Debug|Any CPU.Build.0 = Debug|Any CPU
		{D26959E7-0500-4CFC-97DA-0C14C1C14735}.Release|Any CPU.ActiveCfg = Release|Any CPU
		{D26959E7-0500-4CFC-97DA-0C14C1C14735}.Release|Any CPU.Build.0 = Release|Any CPU
		{03DF3E97-A9F0-4353-836B-4E6458A913C7}.Debug|Any CPU.ActiveCfg = Debug|Any CPU
		{03DF3E97-A9F0-4353-836B-4E6458A913C7}.Debug|Any CPU.Build.0 = Debug|Any CPU
		{03DF3E97-A9F0-4353-836B-4E6458A913C7}.Release|Any CPU.ActiveCfg = Release|Any CPU
		{03DF3E97-A9F0-4353-836B-4E6458A913C7}.Release|Any CPU.Build.0 = Release|Any CPU
		{653F695D-BEDD-4E78-9F1B-BBE351DB2BEE}.Debug|Any CPU.ActiveCfg = Debug|Any CPU
		{653F695D-BEDD-4E78-9F1B-BBE351DB2BEE}.Debug|Any CPU.Build.0 = Debug|Any CPU
		{653F695D-BEDD-4E78-9F1B-BBE351DB2BEE}.Release|Any CPU.ActiveCfg = Release|Any CPU
		{653F695D-BEDD-4E78-9F1B-BBE351DB2BEE}.Release|Any CPU.Build.0 = Release|Any CPU
	EndGlobalSection
	GlobalSection(SolutionProperties) = preSolution
		HideSolutionNode = FALSE
	EndGlobalSection
	GlobalSection(ExtensibilityGlobals) = postSolution
		SolutionGuid = {6C1BBB13-DFC8-436D-AD8D-7A167ACD2042}
	EndGlobalSection
EndGlobal
